
Microsoft Visual Studio Solution File, Format Version 12.00
Project("{FAE04EC0-301F-11D3-BF4B-00C04F79EFBC}") = "Inkscape", "Inkscape\Inkscape.csproj", "{65E22F58-6001-4EA7-8DDB-304B319386FB}"
EndProject
Project("{FAE04EC0-301F-11D3-BF4B-00C04F79EFBC}") = "Inkscape.Test", "Inkscape.Test\Inkscape.Test.csproj", "{A079A81A-DF72-4BAA-985E-CE8FB2BD6E6A}"
EndProject
Global
	GlobalSection(SolutionConfigurationPlatforms) = preSolution
		Debug|Any CPU = Debug|Any CPU
		Release|Any CPU = Release|Any CPU
	EndGlobalSection
	GlobalSection(ProjectConfigurationPlatforms) = postSolution
		{65E22F58-6001-4EA7-8DDB-304B319386FB}.Debug|Any CPU.ActiveCfg = Debug|Any CPU
		{65E22F58-6001-4EA7-8DDB-304B319386FB}.Debug|Any CPU.Build.0 = Debug|Any CPU
		{65E22F58-6001-4EA7-8DDB-304B319386FB}.Release|Any CPU.ActiveCfg = Release|Any CPU
		{65E22F58-6001-4EA7-8DDB-304B319386FB}.Release|Any CPU.Build.0 = Release|Any CPU
		{A079A81A-DF72-4BAA-985E-CE8FB2BD6E6A}.Debug|Any CPU.ActiveCfg = Debug|Any CPU
		{A079A81A-DF72-4BAA-985E-CE8FB2BD6E6A}.Debug|Any CPU.Build.0 = Debug|Any CPU
		{A079A81A-DF72-4BAA-985E-CE8FB2BD6E6A}.Release|Any CPU.ActiveCfg = Release|Any CPU
		{A079A81A-DF72-4BAA-985E-CE8FB2BD6E6A}.Release|Any CPU.Build.0 = Release|Any CPU
	EndGlobalSection
EndGlobal
